// !$*UTF8*$!
{
	archiveVersion = 1;
	classes = {
	};
	objectVersion = 50;
	objects = {

/* Begin PBXBuildFile section */
		92FB3F1626CF47BE001D068B /* AppDelegate.swift in Sources */ = {isa = PBXBuildFile; fileRef = 92FB3F1526CF47BE001D068B /* AppDelegate.swift */; };
		92FB3F1826CF47BE001D068B /* SceneDelegate.swift in Sources */ = {isa = PBXBuildFile; fileRef = 92FB3F1726CF47BE001D068B /* SceneDelegate.swift */; };
		92FB3F1A26CF47BE001D068B /* LoginViewController.swift in Sources */ = {isa = PBXBuildFile; fileRef = 92FB3F1926CF47BE001D068B /* LoginViewController.swift */; };
		92FB3F1D26CF47BE001D068B /* Login.storyboard in Resources */ = {isa = PBXBuildFile; fileRef = 92FB3F1B26CF47BE001D068B /* Login.storyboard */; };
		92FB3F2026CF47BE001D068B /* carowash.xcdatamodeld in Sources */ = {isa = PBXBuildFile; fileRef = 92FB3F1E26CF47BE001D068B /* carowash.xcdatamodeld */; };
		92FB3F2226CF47BF001D068B /* Assets.xcassets in Resources */ = {isa = PBXBuildFile; fileRef = 92FB3F2126CF47BF001D068B /* Assets.xcassets */; };
		92FB3F2526CF47BF001D068B /* LaunchScreen.storyboard in Resources */ = {isa = PBXBuildFile; fileRef = 92FB3F2326CF47BF001D068B /* LaunchScreen.storyboard */; };
		92FB3F3026CF47BF001D068B /* carowashTests.swift in Sources */ = {isa = PBXBuildFile; fileRef = 92FB3F2F26CF47BF001D068B /* carowashTests.swift */; };
		92FB3F3B26CF47BF001D068B /* carowashUITests.swift in Sources */ = {isa = PBXBuildFile; fileRef = 92FB3F3A26CF47BF001D068B /* carowashUITests.swift */; };
		92FB3F6F26D0BB70001D068B /* colors.swift in Sources */ = {isa = PBXBuildFile; fileRef = 92FB3F6E26D0BB70001D068B /* colors.swift */; };
		92FB3F7C26D0CDD3001D068B /* fields.swift in Sources */ = {isa = PBXBuildFile; fileRef = 92FB3F7B26D0CDD3001D068B /* fields.swift */; };
		92FB3FB526D0DC63001D068B /* Main.storyboard in Resources */ = {isa = PBXBuildFile; fileRef = 92FB3FB426D0DC63001D068B /* Main.storyboard */; };
		92FB3FBA26D0DCAE001D068B /* HomeViewController.swift in Sources */ = {isa = PBXBuildFile; fileRef = 92FB3FB926D0DCAE001D068B /* HomeViewController.swift */; };
		A4ECCB8B9DA780DD93499EF4 /* Pods_carowash_carowashUITests.framework in Frameworks */ = {isa = PBXBuildFile; fileRef = BD8626D4D61E18585A4A2D2F /* Pods_carowash_carowashUITests.framework */; };
		C64885B6385B2B2B15C14E1A /* Pods_carowashTests.framework in Frameworks */ = {isa = PBXBuildFile; fileRef = 0E9DAFC577EA531BD8B04B25 /* Pods_carowashTests.framework */; };
		FFF193C1439E001DA8A829B9 /* Pods_carowash.framework in Frameworks */ = {isa = PBXBuildFile; fileRef = DA8FE4E92FDCCA4EC350EF36 /* Pods_carowash.framework */; };
/* End PBXBuildFile section */

/* Begin PBXContainerItemProxy section */
		92FB3F2C26CF47BF001D068B /* PBXContainerItemProxy */ = {
			isa = PBXContainerItemProxy;
			containerPortal = 92FB3F0A26CF47BE001D068B /* Project object */;
			proxyType = 1;
			remoteGlobalIDString = 92FB3F1126CF47BE001D068B;
			remoteInfo = carowash;
		};
		92FB3F3726CF47BF001D068B /* PBXContainerItemProxy */ = {
			isa = PBXContainerItemProxy;
			containerPortal = 92FB3F0A26CF47BE001D068B /* Project object */;
			proxyType = 1;
			remoteGlobalIDString = 92FB3F1126CF47BE001D068B;
			remoteInfo = carowash;
		};
/* End PBXContainerItemProxy section */

/* Begin PBXFileReference section */
		04B5B34721F4DA8EDF484119 /* Pods-carowashTests.debug.xcconfig */ = {isa = PBXFileReference; includeInIndex = 1; lastKnownFileType = text.xcconfig; name = "Pods-carowashTests.debug.xcconfig"; path = "Target Support Files/Pods-carowashTests/Pods-carowashTests.debug.xcconfig"; sourceTree = "<group>"; };
		0E9DAFC577EA531BD8B04B25 /* Pods_carowashTests.framework */ = {isa = PBXFileReference; explicitFileType = wrapper.framework; includeInIndex = 0; path = Pods_carowashTests.framework; sourceTree = BUILT_PRODUCTS_DIR; };
		2D521637C3E581808AACE61A /* Pods-carowashTests.release.xcconfig */ = {isa = PBXFileReference; includeInIndex = 1; lastKnownFileType = text.xcconfig; name = "Pods-carowashTests.release.xcconfig"; path = "Target Support Files/Pods-carowashTests/Pods-carowashTests.release.xcconfig"; sourceTree = "<group>"; };
		7DEB2DEB45EBBCF9D9D9C828 /* Pods-carowash.debug.xcconfig */ = {isa = PBXFileReference; includeInIndex = 1; lastKnownFileType = text.xcconfig; name = "Pods-carowash.debug.xcconfig"; path = "Target Support Files/Pods-carowash/Pods-carowash.debug.xcconfig"; sourceTree = "<group>"; };
		92FB3F1226CF47BE001D068B /* carowash.app */ = {isa = PBXFileReference; explicitFileType = wrapper.application; includeInIndex = 0; path = carowash.app; sourceTree = BUILT_PRODUCTS_DIR; };
		92FB3F1526CF47BE001D068B /* AppDelegate.swift */ = {isa = PBXFileReference; lastKnownFileType = sourcecode.swift; path = AppDelegate.swift; sourceTree = "<group>"; };
		92FB3F1726CF47BE001D068B /* SceneDelegate.swift */ = {isa = PBXFileReference; lastKnownFileType = sourcecode.swift; path = SceneDelegate.swift; sourceTree = "<group>"; };
		92FB3F1926CF47BE001D068B /* LoginViewController.swift */ = {isa = PBXFileReference; lastKnownFileType = sourcecode.swift; path = LoginViewController.swift; sourceTree = "<group>"; };
		92FB3F1C26CF47BE001D068B /* Base */ = {isa = PBXFileReference; lastKnownFileType = file.storyboard; name = Base; path = Base.lproj/Login.storyboard; sourceTree = "<group>"; };
		92FB3F1F26CF47BE001D068B /* carowash.xcdatamodel */ = {isa = PBXFileReference; lastKnownFileType = wrapper.xcdatamodel; path = carowash.xcdatamodel; sourceTree = "<group>"; };
		92FB3F2126CF47BF001D068B /* Assets.xcassets */ = {isa = PBXFileReference; lastKnownFileType = folder.assetcatalog; path = Assets.xcassets; sourceTree = "<group>"; };
		92FB3F2426CF47BF001D068B /* Base */ = {isa = PBXFileReference; lastKnownFileType = file.storyboard; name = Base; path = Base.lproj/LaunchScreen.storyboard; sourceTree = "<group>"; };
		92FB3F2626CF47BF001D068B /* Info.plist */ = {isa = PBXFileReference; lastKnownFileType = text.plist.xml; path = Info.plist; sourceTree = "<group>"; };
		92FB3F2B26CF47BF001D068B /* carowashTests.xctest */ = {isa = PBXFileReference; explicitFileType = wrapper.cfbundle; includeInIndex = 0; path = carowashTests.xctest; sourceTree = BUILT_PRODUCTS_DIR; };
		92FB3F2F26CF47BF001D068B /* carowashTests.swift */ = {isa = PBXFileReference; lastKnownFileType = sourcecode.swift; path = carowashTests.swift; sourceTree = "<group>"; };
		92FB3F3126CF47BF001D068B /* Info.plist */ = {isa = PBXFileReference; lastKnownFileType = text.plist.xml; path = Info.plist; sourceTree = "<group>"; };
		92FB3F3626CF47BF001D068B /* carowashUITests.xctest */ = {isa = PBXFileReference; explicitFileType = wrapper.cfbundle; includeInIndex = 0; path = carowashUITests.xctest; sourceTree = BUILT_PRODUCTS_DIR; };
		92FB3F3A26CF47BF001D068B /* carowashUITests.swift */ = {isa = PBXFileReference; lastKnownFileType = sourcecode.swift; path = carowashUITests.swift; sourceTree = "<group>"; };
		92FB3F3C26CF47BF001D068B /* Info.plist */ = {isa = PBXFileReference; lastKnownFileType = text.plist.xml; path = Info.plist; sourceTree = "<group>"; };
		92FB3F6E26D0BB70001D068B /* colors.swift */ = {isa = PBXFileReference; lastKnownFileType = sourcecode.swift; path = colors.swift; sourceTree = "<group>"; };
		92FB3F7B26D0CDD3001D068B /* fields.swift */ = {isa = PBXFileReference; lastKnownFileType = sourcecode.swift; path = fields.swift; sourceTree = "<group>"; };
		92FB3FB426D0DC63001D068B /* Main.storyboard */ = {isa = PBXFileReference; lastKnownFileType = file.storyboard; path = Main.storyboard; sourceTree = "<group>"; };
		92FB3FB926D0DCAE001D068B /* HomeViewController.swift */ = {isa = PBXFileReference; lastKnownFileType = sourcecode.swift; path = HomeViewController.swift; sourceTree = "<group>"; };
		95AD500995A91207937F90D4 /* Pods-carowash-carowashUITests.release.xcconfig */ = {isa = PBXFileReference; includeInIndex = 1; lastKnownFileType = text.xcconfig; name = "Pods-carowash-carowashUITests.release.xcconfig"; path = "Target Support Files/Pods-carowash-carowashUITests/Pods-carowash-carowashUITests.release.xcconfig"; sourceTree = "<group>"; };
		BD8626D4D61E18585A4A2D2F /* Pods_carowash_carowashUITests.framework */ = {isa = PBXFileReference; explicitFileType = wrapper.framework; includeInIndex = 0; path = Pods_carowash_carowashUITests.framework; sourceTree = BUILT_PRODUCTS_DIR; };
		DA8FE4E92FDCCA4EC350EF36 /* Pods_carowash.framework */ = {isa = PBXFileReference; explicitFileType = wrapper.framework; includeInIndex = 0; path = Pods_carowash.framework; sourceTree = BUILT_PRODUCTS_DIR; };
		E4A2A985DD5818B7381B2160 /* Pods-carowash-carowashUITests.debug.xcconfig */ = {isa = PBXFileReference; includeInIndex = 1; lastKnownFileType = text.xcconfig; name = "Pods-carowash-carowashUITests.debug.xcconfig"; path = "Target Support Files/Pods-carowash-carowashUITests/Pods-carowash-carowashUITests.debug.xcconfig"; sourceTree = "<group>"; };
		EB1D7242FF7244BF557AD522 /* Pods-carowash.release.xcconfig */ = {isa = PBXFileReference; includeInIndex = 1; lastKnownFileType = text.xcconfig; name = "Pods-carowash.release.xcconfig"; path = "Target Support Files/Pods-carowash/Pods-carowash.release.xcconfig"; sourceTree = "<group>"; };
/* End PBXFileReference section */

/* Begin PBXFrameworksBuildPhase section */
		92FB3F0F26CF47BE001D068B /* Frameworks */ = {
			isa = PBXFrameworksBuildPhase;
			buildActionMask = 2147483647;
			files = (
				FFF193C1439E001DA8A829B9 /* Pods_carowash.framework in Frameworks */,
			);
			runOnlyForDeploymentPostprocessing = 0;
		};
		92FB3F2826CF47BF001D068B /* Frameworks */ = {
			isa = PBXFrameworksBuildPhase;
			buildActionMask = 2147483647;
			files = (
				C64885B6385B2B2B15C14E1A /* Pods_carowashTests.framework in Frameworks */,
			);
			runOnlyForDeploymentPostprocessing = 0;
		};
		92FB3F3326CF47BF001D068B /* Frameworks */ = {
			isa = PBXFrameworksBuildPhase;
			buildActionMask = 2147483647;
			files = (
				A4ECCB8B9DA780DD93499EF4 /* Pods_carowash_carowashUITests.framework in Frameworks */,
			);
			runOnlyForDeploymentPostprocessing = 0;
		};
/* End PBXFrameworksBuildPhase section */

/* Begin PBXGroup section */
		6405FAB58A77ADE346CB5F89 /* Pods */ = {
			isa = PBXGroup;
			children = (
				7DEB2DEB45EBBCF9D9D9C828 /* Pods-carowash.debug.xcconfig */,
				EB1D7242FF7244BF557AD522 /* Pods-carowash.release.xcconfig */,
				E4A2A985DD5818B7381B2160 /* Pods-carowash-carowashUITests.debug.xcconfig */,
				95AD500995A91207937F90D4 /* Pods-carowash-carowashUITests.release.xcconfig */,
				04B5B34721F4DA8EDF484119 /* Pods-carowashTests.debug.xcconfig */,
				2D521637C3E581808AACE61A /* Pods-carowashTests.release.xcconfig */,
			);
			path = Pods;
			sourceTree = "<group>";
		};
		92FB3F0926CF47BE001D068B = {
			isa = PBXGroup;
			children = (
				92FB3F1426CF47BE001D068B /* carowash */,
				92FB3F2E26CF47BF001D068B /* carowashTests */,
				92FB3F3926CF47BF001D068B /* carowashUITests */,
				92FB3F1326CF47BE001D068B /* Products */,
				6405FAB58A77ADE346CB5F89 /* Pods */,
				B25177DFA5B0E9387A7BE432 /* Frameworks */,
			);
			sourceTree = "<group>";
		};
		92FB3F1326CF47BE001D068B /* Products */ = {
			isa = PBXGroup;
			children = (
				92FB3F1226CF47BE001D068B /* carowash.app */,
				92FB3F2B26CF47BF001D068B /* carowashTests.xctest */,
				92FB3F3626CF47BF001D068B /* carowashUITests.xctest */,
			);
			name = Products;
			sourceTree = "<group>";
		};
		92FB3F1426CF47BE001D068B /* carowash */ = {
			isa = PBXGroup;
			children = (
				92FB3F6D26D0BB61001D068B /* utils */,
				92FB3F1526CF47BE001D068B /* AppDelegate.swift */,
				92FB3F1726CF47BE001D068B /* SceneDelegate.swift */,
				92FB3F1926CF47BE001D068B /* LoginViewController.swift */,
				92FB3F1B26CF47BE001D068B /* Login.storyboard */,
				92FB3F2126CF47BF001D068B /* Assets.xcassets */,
				92FB3F2326CF47BF001D068B /* LaunchScreen.storyboard */,
				92FB3F2626CF47BF001D068B /* Info.plist */,
				92FB3F1E26CF47BE001D068B /* carowash.xcdatamodeld */,
				92FB3FB426D0DC63001D068B /* Main.storyboard */,
				92FB3FB926D0DCAE001D068B /* HomeViewController.swift */,
			);
			path = carowash;
			sourceTree = "<group>";
		};
		92FB3F2E26CF47BF001D068B /* carowashTests */ = {
			isa = PBXGroup;
			children = (
				92FB3F2F26CF47BF001D068B /* carowashTests.swift */,
				92FB3F3126CF47BF001D068B /* Info.plist */,
			);
			path = carowashTests;
			sourceTree = "<group>";
		};
		92FB3F3926CF47BF001D068B /* carowashUITests */ = {
			isa = PBXGroup;
			children = (
				92FB3F3A26CF47BF001D068B /* carowashUITests.swift */,
				92FB3F3C26CF47BF001D068B /* Info.plist */,
			);
			path = carowashUITests;
			sourceTree = "<group>";
		};
		92FB3F6D26D0BB61001D068B /* utils */ = {
			isa = PBXGroup;
			children = (
				92FB3F6E26D0BB70001D068B /* colors.swift */,
				92FB3F7B26D0CDD3001D068B /* fields.swift */,
			);
			path = utils;
			sourceTree = "<group>";
		};
		B25177DFA5B0E9387A7BE432 /* Frameworks */ = {
			isa = PBXGroup;
			children = (
				DA8FE4E92FDCCA4EC350EF36 /* Pods_carowash.framework */,
				BD8626D4D61E18585A4A2D2F /* Pods_carowash_carowashUITests.framework */,
				0E9DAFC577EA531BD8B04B25 /* Pods_carowashTests.framework */,
			);
			name = Frameworks;
			sourceTree = "<group>";
		};
/* End PBXGroup section */

/* Begin PBXNativeTarget section */
		92FB3F1126CF47BE001D068B /* carowash */ = {
			isa = PBXNativeTarget;
			buildConfigurationList = 92FB3F3F26CF47BF001D068B /* Build configuration list for PBXNativeTarget "carowash" */;
			buildPhases = (
				BBE2E9A4EF0E6F6A1ED30AF6 /* [CP] Check Pods Manifest.lock */,
				92FB3F0E26CF47BE001D068B /* Sources */,
				92FB3F0F26CF47BE001D068B /* Frameworks */,
				92FB3F1026CF47BE001D068B /* Resources */,
			);
			buildRules = (
			);
			dependencies = (
			);
			name = carowash;
			productName = carowash;
			productReference = 92FB3F1226CF47BE001D068B /* carowash.app */;
			productType = "com.apple.product-type.application";
		};
		92FB3F2A26CF47BF001D068B /* carowashTests */ = {
			isa = PBXNativeTarget;
			buildConfigurationList = 92FB3F4226CF47BF001D068B /* Build configuration list for PBXNativeTarget "carowashTests" */;
			buildPhases = (
				BB2C6229820C78D010D44252 /* [CP] Check Pods Manifest.lock */,
				92FB3F2726CF47BF001D068B /* Sources */,
				92FB3F2826CF47BF001D068B /* Frameworks */,
				92FB3F2926CF47BF001D068B /* Resources */,
			);
			buildRules = (
			);
			dependencies = (
				92FB3F2D26CF47BF001D068B /* PBXTargetDependency */,
			);
			name = carowashTests;
			productName = carowashTests;
			productReference = 92FB3F2B26CF47BF001D068B /* carowashTests.xctest */;
			productType = "com.apple.product-type.bundle.unit-test";
		};
		92FB3F3526CF47BF001D068B /* carowashUITests */ = {
			isa = PBXNativeTarget;
			buildConfigurationList = 92FB3F4526CF47BF001D068B /* Build configuration list for PBXNativeTarget "carowashUITests" */;
			buildPhases = (
				2739F1C216523302BF55E528 /* [CP] Check Pods Manifest.lock */,
				92FB3F3226CF47BF001D068B /* Sources */,
				92FB3F3326CF47BF001D068B /* Frameworks */,
				92FB3F3426CF47BF001D068B /* Resources */,
			);
			buildRules = (
			);
			dependencies = (
				92FB3F3826CF47BF001D068B /* PBXTargetDependency */,
			);
			name = carowashUITests;
			productName = carowashUITests;
			productReference = 92FB3F3626CF47BF001D068B /* carowashUITests.xctest */;
			productType = "com.apple.product-type.bundle.ui-testing";
		};
/* End PBXNativeTarget section */

/* Begin PBXProject section */
		92FB3F0A26CF47BE001D068B /* Project object */ = {
			isa = PBXProject;
			attributes = {
				LastSwiftUpdateCheck = 1240;
				LastUpgradeCheck = 1240;
				TargetAttributes = {
					92FB3F1126CF47BE001D068B = {
						CreatedOnToolsVersion = 12.4;
					};
					92FB3F2A26CF47BF001D068B = {
						CreatedOnToolsVersion = 12.4;
						TestTargetID = 92FB3F1126CF47BE001D068B;
					};
					92FB3F3526CF47BF001D068B = {
						CreatedOnToolsVersion = 12.4;
						TestTargetID = 92FB3F1126CF47BE001D068B;
					};
				};
			};
			buildConfigurationList = 92FB3F0D26CF47BE001D068B /* Build configuration list for PBXProject "carowash" */;
			compatibilityVersion = "Xcode 9.3";
			developmentRegion = en;
			hasScannedForEncodings = 0;
			knownRegions = (
				en,
				Base,
			);
			mainGroup = 92FB3F0926CF47BE001D068B;
			productRefGroup = 92FB3F1326CF47BE001D068B /* Products */;
			projectDirPath = "";
			projectRoot = "";
			targets = (
				92FB3F1126CF47BE001D068B /* carowash */,
				92FB3F2A26CF47BF001D068B /* carowashTests */,
				92FB3F3526CF47BF001D068B /* carowashUITests */,
			);
		};
/* End PBXProject section */

/* Begin PBXResourcesBuildPhase section */
		92FB3F1026CF47BE001D068B /* Resources */ = {
			isa = PBXResourcesBuildPhase;
			buildActionMask = 2147483647;
			files = (
				92FB3F2526CF47BF001D068B /* LaunchScreen.storyboard in Resources */,
				92FB3F2226CF47BF001D068B /* Assets.xcassets in Resources */,
				92FB3F1D26CF47BE001D068B /* Login.storyboard in Resources */,
				92FB3FB526D0DC63001D068B /* Main.storyboard in Resources */,
			);
			runOnlyForDeploymentPostprocessing = 0;
		};
		92FB3F2926CF47BF001D068B /* Resources */ = {
			isa = PBXResourcesBuildPhase;
			buildActionMask = 2147483647;
			files = (
			);
			runOnlyForDeploymentPostprocessing = 0;
		};
		92FB3F3426CF47BF001D068B /* Resources */ = {
			isa = PBXResourcesBuildPhase;
			buildActionMask = 2147483647;
			files = (
			);
			runOnlyForDeploymentPostprocessing = 0;
		};
/* End PBXResourcesBuildPhase section */

/* Begin PBXShellScriptBuildPhase section */
		2739F1C216523302BF55E528 /* [CP] Check Pods Manifest.lock */ = {
			isa = PBXShellScriptBuildPhase;
			buildActionMask = 2147483647;
			files = (
			);
			inputFileListPaths = (
			);
			inputPaths = (
				"${PODS_PODFILE_DIR_PATH}/Podfile.lock",
				"${PODS_ROOT}/Manifest.lock",
			);
			name = "[CP] Check Pods Manifest.lock";
			outputFileListPaths = (
			);
			outputPaths = (
				"$(DERIVED_FILE_DIR)/Pods-carowash-carowashUITests-checkManifestLockResult.txt",
			);
			runOnlyForDeploymentPostprocessing = 0;
			shellPath = /bin/sh;
			shellScript = "diff \"${PODS_PODFILE_DIR_PATH}/Podfile.lock\" \"${PODS_ROOT}/Manifest.lock\" > /dev/null\nif [ $? != 0 ] ; then\n    # print error to STDERR\n    echo \"error: The sandbox is not in sync with the Podfile.lock. Run 'pod install' or update your CocoaPods installation.\" >&2\n    exit 1\nfi\n# This output is used by Xcode 'outputs' to avoid re-running this script phase.\necho \"SUCCESS\" > \"${SCRIPT_OUTPUT_FILE_0}\"\n";
			showEnvVarsInLog = 0;
		};
		BB2C6229820C78D010D44252 /* [CP] Check Pods Manifest.lock */ = {
			isa = PBXShellScriptBuildPhase;
			buildActionMask = 2147483647;
			files = (
			);
			inputFileListPaths = (
			);
			inputPaths = (
				"${PODS_PODFILE_DIR_PATH}/Podfile.lock",
				"${PODS_ROOT}/Manifest.lock",
			);
			name = "[CP] Check Pods Manifest.lock";
			outputFileListPaths = (
			);
			outputPaths = (
				"$(DERIVED_FILE_DIR)/Pods-carowashTests-checkManifestLockResult.txt",
			);
			runOnlyForDeploymentPostprocessing = 0;
			shellPath = /bin/sh;
			shellScript = "diff \"${PODS_PODFILE_DIR_PATH}/Podfile.lock\" \"${PODS_ROOT}/Manifest.lock\" > /dev/null\nif [ $? != 0 ] ; then\n    # print error to STDERR\n    echo \"error: The sandbox is not in sync with the Podfile.lock. Run 'pod install' or update your CocoaPods installation.\" >&2\n    exit 1\nfi\n# This output is used by Xcode 'outputs' to avoid re-running this script phase.\necho \"SUCCESS\" > \"${SCRIPT_OUTPUT_FILE_0}\"\n";
			showEnvVarsInLog = 0;
		};
		BBE2E9A4EF0E6F6A1ED30AF6 /* [CP] Check Pods Manifest.lock */ = {
			isa = PBXShellScriptBuildPhase;
			buildActionMask = 2147483647;
			files = (
			);
			inputFileListPaths = (
			);
			inputPaths = (
				"${PODS_PODFILE_DIR_PATH}/Podfile.lock",
				"${PODS_ROOT}/Manifest.lock",
			);
			name = "[CP] Check Pods Manifest.lock";
			outputFileListPaths = (
			);
			outputPaths = (
				"$(DERIVED_FILE_DIR)/Pods-carowash-checkManifestLockResult.txt",
			);
			runOnlyForDeploymentPostprocessing = 0;
			shellPath = /bin/sh;
			shellScript = "diff \"${PODS_PODFILE_DIR_PATH}/Podfile.lock\" \"${PODS_ROOT}/Manifest.lock\" > /dev/null\nif [ $? != 0 ] ; then\n    # print error to STDERR\n    echo \"error: The sandbox is not in sync with the Podfile.lock. Run 'pod install' or update your CocoaPods installation.\" >&2\n    exit 1\nfi\n# This output is used by Xcode 'outputs' to avoid re-running this script phase.\necho \"SUCCESS\" > \"${SCRIPT_OUTPUT_FILE_0}\"\n";
			showEnvVarsInLog = 0;
		};
/* End PBXShellScriptBuildPhase section */

/* Begin PBXSourcesBuildPhase section */
		92FB3F0E26CF47BE001D068B /* Sources */ = {
			isa = PBXSourcesBuildPhase;
			buildActionMask = 2147483647;
			files = (
				92FB3F1A26CF47BE001D068B /* LoginViewController.swift in Sources */,
				92FB3F6F26D0BB70001D068B /* colors.swift in Sources */,
				92FB3F2026CF47BE001D068B /* carowash.xcdatamodeld in Sources */,
				92FB3F1626CF47BE001D068B /* AppDelegate.swift in Sources */,
				92FB3F7C26D0CDD3001D068B /* fields.swift in Sources */,
				92FB3FBA26D0DCAE001D068B /* HomeViewController.swift in Sources */,
				92FB3F1826CF47BE001D068B /* SceneDelegate.swift in Sources */,
			);
			runOnlyForDeploymentPostprocessing = 0;
		};
		92FB3F2726CF47BF001D068B /* Sources */ = {
			isa = PBXSourcesBuildPhase;
			buildActionMask = 2147483647;
			files = (
				92FB3F3026CF47BF001D068B /* carowashTests.swift in Sources */,
			);
			runOnlyForDeploymentPostprocessing = 0;
		};
		92FB3F3226CF47BF001D068B /* Sources */ = {
			isa = PBXSourcesBuildPhase;
			buildActionMask = 2147483647;
			files = (
				92FB3F3B26CF47BF001D068B /* carowashUITests.swift in Sources */,
			);
			runOnlyForDeploymentPostprocessing = 0;
		};
/* End PBXSourcesBuildPhase section */

/* Begin PBXTargetDependency section */
		92FB3F2D26CF47BF001D068B /* PBXTargetDependency */ = {
			isa = PBXTargetDependency;
			target = 92FB3F1126CF47BE001D068B /* carowash */;
			targetProxy = 92FB3F2C26CF47BF001D068B /* PBXContainerItemProxy */;
		};
		92FB3F3826CF47BF001D068B /* PBXTargetDependency */ = {
			isa = PBXTargetDependency;
			target = 92FB3F1126CF47BE001D068B /* carowash */;
			targetProxy = 92FB3F3726CF47BF001D068B /* PBXContainerItemProxy */;
		};
/* End PBXTargetDependency section */

/* Begin PBXVariantGroup section */
		92FB3F1B26CF47BE001D068B /* Login.storyboard */ = {
			isa = PBXVariantGroup;
			children = (
				92FB3F1C26CF47BE001D068B /* Base */,
			);
			name = Login.storyboard;
			sourceTree = "<group>";
		};
		92FB3F2326CF47BF001D068B /* LaunchScreen.storyboard */ = {
			isa = PBXVariantGroup;
			children = (
				92FB3F2426CF47BF001D068B /* Base */,
			);
			name = LaunchScreen.storyboard;
			sourceTree = "<group>";
		};
/* End PBXVariantGroup section */

/* Begin XCBuildConfiguration section */
		92FB3F3D26CF47BF001D068B /* Debug */ = {
			isa = XCBuildConfiguration;
			buildSettings = {
				ALWAYS_SEARCH_USER_PATHS = NO;
				CLANG_ANALYZER_NONNULL = YES;
				CLANG_ANALYZER_NUMBER_OBJECT_CONVERSION = YES_AGGRESSIVE;
				CLANG_CXX_LANGUAGE_STANDARD = "gnu++14";
				CLANG_CXX_LIBRARY = "libc++";
				CLANG_ENABLE_MODULES = YES;
				CLANG_ENABLE_OBJC_ARC = YES;
				CLANG_ENABLE_OBJC_WEAK = YES;
				CLANG_WARN_BLOCK_CAPTURE_AUTORELEASING = YES;
				CLANG_WARN_BOOL_CONVERSION = YES;
				CLANG_WARN_COMMA = YES;
				CLANG_WARN_CONSTANT_CONVERSION = YES;
				CLANG_WARN_DEPRECATED_OBJC_IMPLEMENTATIONS = YES;
				CLANG_WARN_DIRECT_OBJC_ISA_USAGE = YES_ERROR;
				CLANG_WARN_DOCUMENTATION_COMMENTS = YES;
				CLANG_WARN_EMPTY_BODY = YES;
				CLANG_WARN_ENUM_CONVERSION = YES;
				CLANG_WARN_INFINITE_RECURSION = YES;
				CLANG_WARN_INT_CONVERSION = YES;
				CLANG_WARN_NON_LITERAL_NULL_CONVERSION = YES;
				CLANG_WARN_OBJC_IMPLICIT_RETAIN_SELF = YES;
				CLANG_WARN_OBJC_LITERAL_CONVERSION = YES;
				CLANG_WARN_OBJC_ROOT_CLASS = YES_ERROR;
				CLANG_WARN_QUOTED_INCLUDE_IN_FRAMEWORK_HEADER = YES;
				CLANG_WARN_RANGE_LOOP_ANALYSIS = YES;
				CLANG_WARN_STRICT_PROTOTYPES = YES;
				CLANG_WARN_SUSPICIOUS_MOVE = YES;
				CLANG_WARN_UNGUARDED_AVAILABILITY = YES_AGGRESSIVE;
				CLANG_WARN_UNREACHABLE_CODE = YES;
				CLANG_WARN__DUPLICATE_METHOD_MATCH = YES;
				COPY_PHASE_STRIP = NO;
				DEBUG_INFORMATION_FORMAT = dwarf;
				ENABLE_STRICT_OBJC_MSGSEND = YES;
				ENABLE_TESTABILITY = YES;
				GCC_C_LANGUAGE_STANDARD = gnu11;
				GCC_DYNAMIC_NO_PIC = NO;
				GCC_NO_COMMON_BLOCKS = YES;
				GCC_OPTIMIZATION_LEVEL = 0;
				GCC_PREPROCESSOR_DEFINITIONS = (
					"DEBUG=1",
					"$(inherited)",
				);
				GCC_WARN_64_TO_32_BIT_CONVERSION = YES;
				GCC_WARN_ABOUT_RETURN_TYPE = YES_ERROR;
				GCC_WARN_UNDECLARED_SELECTOR = YES;
				GCC_WARN_UNINITIALIZED_AUTOS = YES_AGGRESSIVE;
				GCC_WARN_UNUSED_FUNCTION = YES;
				GCC_WARN_UNUSED_VARIABLE = YES;
				IPHONEOS_DEPLOYMENT_TARGET = 14.4;
				MTL_ENABLE_DEBUG_INFO = INCLUDE_SOURCE;
				MTL_FAST_MATH = YES;
				ONLY_ACTIVE_ARCH = YES;
				SDKROOT = iphoneos;
				SWIFT_ACTIVE_COMPILATION_CONDITIONS = DEBUG;
				SWIFT_OPTIMIZATION_LEVEL = "-Onone";
			};
			name = Debug;
		};
		92FB3F3E26CF47BF001D068B /* Release */ = {
			isa = XCBuildConfiguration;
			buildSettings = {
				ALWAYS_SEARCH_USER_PATHS = NO;
				CLANG_ANALYZER_NONNULL = YES;
				CLANG_ANALYZER_NUMBER_OBJECT_CONVERSION = YES_AGGRESSIVE;
				CLANG_CXX_LANGUAGE_STANDARD = "gnu++14";
				CLANG_CXX_LIBRARY = "libc++";
				CLANG_ENABLE_MODULES = YES;
				CLANG_ENABLE_OBJC_ARC = YES;
				CLANG_ENABLE_OBJC_WEAK = YES;
				CLANG_WARN_BLOCK_CAPTURE_AUTORELEASING = YES;
				CLANG_WARN_BOOL_CONVERSION = YES;
				CLANG_WARN_COMMA = YES;
				CLANG_WARN_CONSTANT_CONVERSION = YES;
				CLANG_WARN_DEPRECATED_OBJC_IMPLEMENTATIONS = YES;
				CLANG_WARN_DIRECT_OBJC_ISA_USAGE = YES_ERROR;
				CLANG_WARN_DOCUMENTATION_COMMENTS = YES;
				CLANG_WARN_EMPTY_BODY = YES;
				CLANG_WARN_ENUM_CONVERSION = YES;
				CLANG_WARN_INFINITE_RECURSION = YES;
				CLANG_WARN_INT_CONVERSION = YES;
				CLANG_WARN_NON_LITERAL_NULL_CONVERSION = YES;
				CLANG_WARN_OBJC_IMPLICIT_RETAIN_SELF = YES;
				CLANG_WARN_OBJC_LITERAL_CONVERSION = YES;
				CLANG_WARN_OBJC_ROOT_CLASS = YES_ERROR;
				CLANG_WARN_QUOTED_INCLUDE_IN_FRAMEWORK_HEADER = YES;
				CLANG_WARN_RANGE_LOOP_ANALYSIS = YES;
				CLANG_WARN_STRICT_PROTOTYPES = YES;
				CLANG_WARN_SUSPICIOUS_MOVE = YES;
				CLANG_WARN_UNGUARDED_AVAILABILITY = YES_AGGRESSIVE;
				CLANG_WARN_UNREACHABLE_CODE = YES;
				CLANG_WARN__DUPLICATE_METHOD_MATCH = YES;
				COPY_PHASE_STRIP = NO;
				DEBUG_INFORMATION_FORMAT = "dwarf-with-dsym";
				ENABLE_NS_ASSERTIONS = NO;
				ENABLE_STRICT_OBJC_MSGSEND = YES;
				GCC_C_LANGUAGE_STANDARD = gnu11;
				GCC_NO_COMMON_BLOCKS = YES;
				GCC_WARN_64_TO_32_BIT_CONVERSION = YES;
				GCC_WARN_ABOUT_RETURN_TYPE = YES_ERROR;
				GCC_WARN_UNDECLARED_SELECTOR = YES;
				GCC_WARN_UNINITIALIZED_AUTOS = YES_AGGRESSIVE;
				GCC_WARN_UNUSED_FUNCTION = YES;
				GCC_WARN_UNUSED_VARIABLE = YES;
				IPHONEOS_DEPLOYMENT_TARGET = 14.4;
				MTL_ENABLE_DEBUG_INFO = NO;
				MTL_FAST_MATH = YES;
				SDKROOT = iphoneos;
				SWIFT_COMPILATION_MODE = wholemodule;
				SWIFT_OPTIMIZATION_LEVEL = "-O";
				VALIDATE_PRODUCT = YES;
			};
			name = Release;
		};
		92FB3F4026CF47BF001D068B /* Debug */ = {
			isa = XCBuildConfiguration;
			baseConfigurationReference = 7DEB2DEB45EBBCF9D9D9C828 /* Pods-carowash.debug.xcconfig */;
			buildSettings = {
				ASSETCATALOG_COMPILER_APPICON_NAME = AppIcon;
				ASSETCATALOG_COMPILER_GLOBAL_ACCENT_COLOR_NAME = AccentColor;
				CODE_SIGN_STYLE = Automatic;
				INFOPLIST_FILE = carowash/Info.plist;
				LD_RUNPATH_SEARCH_PATHS = (
					"$(inherited)",
					"@executable_path/Frameworks",
				);
				PRODUCT_BUNDLE_IDENTIFIER = com.bemesa.carowash;
				PRODUCT_NAME = "$(TARGET_NAME)";
				SWIFT_VERSION = 5.0;
				TARGETED_DEVICE_FAMILY = "1,2";
			};
			name = Debug;
		};
		92FB3F4126CF47BF001D068B /* Release */ = {
			isa = XCBuildConfiguration;
			baseConfigurationReference = EB1D7242FF7244BF557AD522 /* Pods-carowash.release.xcconfig */;
			buildSettings = {
				ASSETCATALOG_COMPILER_APPICON_NAME = AppIcon;
				ASSETCATALOG_COMPILER_GLOBAL_ACCENT_COLOR_NAME = AccentColor;
				CODE_SIGN_STYLE = Automatic;
				INFOPLIST_FILE = carowash/Info.plist;
				LD_RUNPATH_SEARCH_PATHS = (
					"$(inherited)",
					"@executable_path/Frameworks",
				);
				PRODUCT_BUNDLE_IDENTIFIER = com.bemesa.carowash;
				PRODUCT_NAME = "$(TARGET_NAME)";
				SWIFT_VERSION = 5.0;
				TARGETED_DEVICE_FAMILY = "1,2";
			};
			name = Release;
		};
		92FB3F4326CF47BF001D068B /* Debug */ = {
			isa = XCBuildConfiguration;
			baseConfigurationReference = 04B5B34721F4DA8EDF484119 /* Pods-carowashTests.debug.xcconfig */;
			buildSettings = {
				ALWAYS_EMBED_SWIFT_STANDARD_LIBRARIES = YES;
				BUNDLE_LOADER = "$(TEST_HOST)";
				CODE_SIGN_STYLE = Automatic;
				INFOPLIST_FILE = carowashTests/Info.plist;
				IPHONEOS_DEPLOYMENT_TARGET = 14.4;
				LD_RUNPATH_SEARCH_PATHS = (
					"$(inherited)",
					"@executable_path/Frameworks",
					"@loader_path/Frameworks",
				);
				PRODUCT_BUNDLE_IDENTIFIER = com.bemesa.carowashTests;
				PRODUCT_NAME = "$(TARGET_NAME)";
				SWIFT_VERSION = 5.0;
				TARGETED_DEVICE_FAMILY = "1,2";
				TEST_HOST = "$(BUILT_PRODUCTS_DIR)/carowash.app/carowash";
			};
			name = Debug;
		};
		92FB3F4426CF47BF001D068B /* Release */ = {
			isa = XCBuildConfiguration;
			baseConfigurationReference = 2D521637C3E581808AACE61A /* Pods-carowashTests.release.xcconfig */;
			buildSettings = {
				ALWAYS_EMBED_SWIFT_STANDARD_LIBRARIES = YES;
				BUNDLE_LOADER = "$(TEST_HOST)";
				CODE_SIGN_STYLE = Automatic;
				INFOPLIST_FILE = carowashTests/Info.plist;
				IPHONEOS_DEPLOYMENT_TARGET = 14.4;
				LD_RUNPATH_SEARCH_PATHS = (
					"$(inherited)",
					"@executable_path/Frameworks",
					"@loader_path/Frameworks",
				);
				PRODUCT_BUNDLE_IDENTIFIER = com.bemesa.carowashTests;
				PRODUCT_NAME = "$(TARGET_NAME)";
				SWIFT_VERSION = 5.0;
				TARGETED_DEVICE_FAMILY = "1,2";
				TEST_HOST = "$(BUILT_PRODUCTS_DIR)/carowash.app/carowash";
			};
			name = Release;
		};
		92FB3F4626CF47BF001D068B /* Debug */ = {
			isa = XCBuildConfiguration;
			baseConfigurationReference = E4A2A985DD5818B7381B2160 /* Pods-carowash-carowashUITests.debug.xcconfig */;
			buildSettings = {
				ALWAYS_EMBED_SWIFT_STANDARD_LIBRARIES = YES;
				CODE_SIGN_STYLE = Automatic;
				INFOPLIST_FILE = carowashUITests/Info.plist;
				LD_RUNPATH_SEARCH_PATHS = (
					"$(inherited)",
					"@executable_path/Frameworks",
					"@loader_path/Frameworks",
				);
				PRODUCT_BUNDLE_IDENTIFIER = com.bemesa.carowashUITests;
				PRODUCT_NAME = "$(TARGET_NAME)";
				SWIFT_VERSION = 5.0;
				TARGETED_DEVICE_FAMILY = "1,2";
				TEST_TARGET_NAME = carowash;
			};
			name = Debug;
		};
		92FB3F4726CF47BF001D068B /* Release */ = {
			isa = XCBuildConfiguration;
			baseConfigurationReference = 95AD500995A91207937F90D4 /* Pods-carowash-carowashUITests.release.xcconfig */;
			buildSettings = {
				ALWAYS_EMBED_SWIFT_STANDARD_LIBRARIES = YES;
				CODE_SIGN_STYLE = Automatic;
				INFOPLIST_FILE = carowashUITests/Info.plist;
				LD_RUNPATH_SEARCH_PATHS = (
					"$(inherited)",
					"@executable_path/Frameworks",
					"@loader_path/Frameworks",
				);
				PRODUCT_BUNDLE_IDENTIFIER = com.bemesa.carowashUITests;
				PRODUCT_NAME = "$(TARGET_NAME)";
				SWIFT_VERSION = 5.0;
				TARGETED_DEVICE_FAMILY = "1,2";
				TEST_TARGET_NAME = carowash;
			};
			name = Release;
		};
/* End XCBuildConfiguration section */

/* Begin XCConfigurationList section */
		92FB3F0D26CF47BE001D068B /* Build configuration list for PBXProject "carowash" */ = {
			isa = XCConfigurationList;
			buildConfigurations = (
				92FB3F3D26CF47BF001D068B /* Debug */,
				92FB3F3E26CF47BF001D068B /* Release */,
			);
			defaultConfigurationIsVisible = 0;
			defaultConfigurationName = Release;
		};
		92FB3F3F26CF47BF001D068B /* Build configuration list for PBXNativeTarget "carowash" */ = {
			isa = XCConfigurationList;
			buildConfigurations = (
				92FB3F4026CF47BF001D068B /* Debug */,
				92FB3F4126CF47BF001D068B /* Release */,
			);
			defaultConfigurationIsVisible = 0;
			defaultConfigurationName = Release;
		};
		92FB3F4226CF47BF001D068B /* Build configuration list for PBXNativeTarget "carowashTests" */ = {
			isa = XCConfigurationList;
			buildConfigurations = (
				92FB3F4326CF47BF001D068B /* Debug */,
				92FB3F4426CF47BF001D068B /* Release */,
			);
			defaultConfigurationIsVisible = 0;
			defaultConfigurationName = Release;
		};
		92FB3F4526CF47BF001D068B /* Build configuration list for PBXNativeTarget "carowashUITests" */ = {
			isa = XCConfigurationList;
			buildConfigurations = (
				92FB3F4626CF47BF001D068B /* Debug */,
				92FB3F4726CF47BF001D068B /* Release */,
			);
			defaultConfigurationIsVisible = 0;
			defaultConfigurationName = Release;
		};
/* End XCConfigurationList section */

/* Begin XCVersionGroup section */
		92FB3F1E26CF47BE001D068B /* carowash.xcdatamodeld */ = {
			isa = XCVersionGroup;
			children = (
				92FB3F1F26CF47BE001D068B /* carowash.xcdatamodel */,
			);
			currentVersion = 92FB3F1F26CF47BE001D068B /* carowash.xcdatamodel */;
			path = carowash.xcdatamodeld;
			sourceTree = "<group>";
			versionGroupType = wrapper.xcdatamodel;
		};
/* End XCVersionGroup section */
	};
	rootObject = 92FB3F0A26CF47BE001D068B /* Project object */;
}
